// !$*UTF8*$!
{
	archiveVersion = 1;
	classes = {
	};
	objectVersion = 54;
	objects = {

/* Begin PBXBuildFile section */
		307BD63A29AFA8FE000CAA89 /* AppDelegate.swift in Sources */ = {isa = PBXBuildFile; fileRef = 307BD63929AFA8FE000CAA89 /* AppDelegate.swift */; };
		307BD63C29AFA8FE000CAA89 /* SceneDelegate.swift in Sources */ = {isa = PBXBuildFile; fileRef = 307BD63B29AFA8FE000CAA89 /* SceneDelegate.swift */; };
		307BD63E29AFA8FE000CAA89 /* VideoPlayerViewController.swift in Sources */ = {isa = PBXBuildFile; fileRef = 307BD63D29AFA8FE000CAA89 /* VideoPlayerViewController.swift */; };
		307BD64129AFA8FE000CAA89 /* Main.storyboard in Resources */ = {isa = PBXBuildFile; fileRef = 307BD63F29AFA8FE000CAA89 /* Main.storyboard */; };
		307BD64429AFA8FE000CAA89 /* MachineTask_VideoPlayer.xcdatamodeld in Sources */ = {isa = PBXBuildFile; fileRef = 307BD64229AFA8FE000CAA89 /* MachineTask_VideoPlayer.xcdatamodeld */; };
		307BD64629AFA900000CAA89 /* Assets.xcassets in Resources */ = {isa = PBXBuildFile; fileRef = 307BD64529AFA900000CAA89 /* Assets.xcassets */; };
		307BD64929AFA900000CAA89 /* LaunchScreen.storyboard in Resources */ = {isa = PBXBuildFile; fileRef = 307BD64729AFA900000CAA89 /* LaunchScreen.storyboard */; };
		30BC5BAC29B02E23002078D9 /* Constant.swift in Sources */ = {isa = PBXBuildFile; fileRef = 30BC5BAB29B02E23002078D9 /* Constant.swift */; };
		30BC5BAE29B04933002078D9 /* LoginViewController.swift in Sources */ = {isa = PBXBuildFile; fileRef = 30BC5BAD29B04933002078D9 /* LoginViewController.swift */; };
		30BC5BB029B04944002078D9 /* RegistrationViewController.swift in Sources */ = {isa = PBXBuildFile; fileRef = 30BC5BAF29B04944002078D9 /* RegistrationViewController.swift */; };
		30BC5BB229B04952002078D9 /* OTPViewController.swift in Sources */ = {isa = PBXBuildFile; fileRef = 30BC5BB129B04952002078D9 /* OTPViewController.swift */; };
		30BC5BB729B0663A002078D9 /* VideoData.swift in Sources */ = {isa = PBXBuildFile; fileRef = 30BC5BB629B0663A002078D9 /* VideoData.swift */; };
/* End PBXBuildFile section */

/* Begin PBXFileReference section */
		307BD63629AFA8FE000CAA89 /* MachineTask_VideoPlayer.app */ = {isa = PBXFileReference; explicitFileType = wrapper.application; includeInIndex = 0; path = MachineTask_VideoPlayer.app; sourceTree = BUILT_PRODUCTS_DIR; };
		307BD63929AFA8FE000CAA89 /* AppDelegate.swift */ = {isa = PBXFileReference; lastKnownFileType = sourcecode.swift; path = AppDelegate.swift; sourceTree = "<group>"; };
		307BD63B29AFA8FE000CAA89 /* SceneDelegate.swift */ = {isa = PBXFileReference; lastKnownFileType = sourcecode.swift; path = SceneDelegate.swift; sourceTree = "<group>"; };
		307BD63D29AFA8FE000CAA89 /* VideoPlayerViewController.swift */ = {isa = PBXFileReference; lastKnownFileType = sourcecode.swift; path = VideoPlayerViewController.swift; sourceTree = "<group>"; };
		307BD64029AFA8FE000CAA89 /* Base */ = {isa = PBXFileReference; lastKnownFileType = file.storyboard; name = Base; path = Base.lproj/Main.storyboard; sourceTree = "<group>"; };
		307BD64329AFA8FE000CAA89 /* MachineTask_VideoPlayer.xcdatamodel */ = {isa = PBXFileReference; lastKnownFileType = wrapper.xcdatamodel; path = MachineTask_VideoPlayer.xcdatamodel; sourceTree = "<group>"; };
		307BD64529AFA900000CAA89 /* Assets.xcassets */ = {isa = PBXFileReference; lastKnownFileType = folder.assetcatalog; path = Assets.xcassets; sourceTree = "<group>"; };
		307BD64829AFA900000CAA89 /* Base */ = {isa = PBXFileReference; lastKnownFileType = file.storyboard; name = Base; path = Base.lproj/LaunchScreen.storyboard; sourceTree = "<group>"; };
		307BD64A29AFA900000CAA89 /* Info.plist */ = {isa = PBXFileReference; lastKnownFileType = text.plist.xml; path = Info.plist; sourceTree = "<group>"; };
		30BC5BAB29B02E23002078D9 /* Constant.swift */ = {isa = PBXFileReference; lastKnownFileType = sourcecode.swift; path = Constant.swift; sourceTree = "<group>"; };
		30BC5BAD29B04933002078D9 /* LoginViewController.swift */ = {isa = PBXFileReference; lastKnownFileType = sourcecode.swift; path = LoginViewController.swift; sourceTree = "<group>"; };
		30BC5BAF29B04944002078D9 /* RegistrationViewController.swift */ = {isa = PBXFileReference; lastKnownFileType = sourcecode.swift; path = RegistrationViewController.swift; sourceTree = "<group>"; };
		30BC5BB129B04952002078D9 /* OTPViewController.swift */ = {isa = PBXFileReference; lastKnownFileType = sourcecode.swift; path = OTPViewController.swift; sourceTree = "<group>"; };
		30BC5BB629B0663A002078D9 /* VideoData.swift */ = {isa = PBXFileReference; lastKnownFileType = sourcecode.swift; path = VideoData.swift; sourceTree = "<group>"; };
/* End PBXFileReference section */

/* Begin PBXFrameworksBuildPhase section */
		307BD63329AFA8FE000CAA89 /* Frameworks */ = {
			isa = PBXFrameworksBuildPhase;
			buildActionMask = 2147483647;
			files = (
			);
			runOnlyForDeploymentPostprocessing = 0;
		};
/* End PBXFrameworksBuildPhase section */

/* Begin PBXGroup section */
		307BD62D29AFA8FD000CAA89 = {
			isa = PBXGroup;
			children = (
				307BD63829AFA8FE000CAA89 /* MachineTask_VideoPlayer */,
				307BD63729AFA8FE000CAA89 /* Products */,
			);
			sourceTree = "<group>";
		};
		307BD63729AFA8FE000CAA89 /* Products */ = {
			isa = PBXGroup;
			children = (
				307BD63629AFA8FE000CAA89 /* MachineTask_VideoPlayer.app */,
			);
			name = Products;
			sourceTree = "<group>";
		};
		307BD63829AFA8FE000CAA89 /* MachineTask_VideoPlayer */ = {
			isa = PBXGroup;
			children = (
				307BD63929AFA8FE000CAA89 /* AppDelegate.swift */,
				307BD63B29AFA8FE000CAA89 /* SceneDelegate.swift */,
				30BC5BAB29B02E23002078D9 /* Constant.swift */,
				30BC5BB329B05C08002078D9 /* Model */,
				30BC5BB429B05C11002078D9 /* View */,
				30BC5BB529B05C19002078D9 /* Controller */,
				307BD64529AFA900000CAA89 /* Assets.xcassets */,
				307BD64A29AFA900000CAA89 /* Info.plist */,
				307BD64229AFA8FE000CAA89 /* MachineTask_VideoPlayer.xcdatamodeld */,
			);
			path = MachineTask_VideoPlayer;
			sourceTree = "<group>";
		};
		30BC5BB329B05C08002078D9 /* Model */ = {
			isa = PBXGroup;
			children = (
				30BC5BB629B0663A002078D9 /* VideoData.swift */,
			);
			path = Model;
			sourceTree = "<group>";
		};
		30BC5BB429B05C11002078D9 /* View */ = {
			isa = PBXGroup;
			children = (
				307BD63F29AFA8FE000CAA89 /* Main.storyboard */,
				307BD64729AFA900000CAA89 /* LaunchScreen.storyboard */,
			);
			path = View;
			sourceTree = "<group>";
		};
		30BC5BB529B05C19002078D9 /* Controller */ = {
			isa = PBXGroup;
			children = (
				30BC5BAD29B04933002078D9 /* LoginViewController.swift */,
				30BC5BAF29B04944002078D9 /* RegistrationViewController.swift */,
				30BC5BB129B04952002078D9 /* OTPViewController.swift */,
				307BD63D29AFA8FE000CAA89 /* VideoPlayerViewController.swift */,
			);
			path = Controller;
			sourceTree = "<group>";
		};
/* End PBXGroup section */

/* Begin PBXNativeTarget section */
		307BD63529AFA8FE000CAA89 /* MachineTask_VideoPlayer */ = {
			isa = PBXNativeTarget;
			buildConfigurationList = 307BD64D29AFA900000CAA89 /* Build configuration list for PBXNativeTarget "MachineTask_VideoPlayer" */;
			buildPhases = (
				307BD63229AFA8FE000CAA89 /* Sources */,
				307BD63329AFA8FE000CAA89 /* Frameworks */,
				307BD63429AFA8FE000CAA89 /* Resources */,
			);
			buildRules = (
			);
			dependencies = (
			);
			name = MachineTask_VideoPlayer;
			productName = MachineTask_VideoPlayer;
			productReference = 307BD63629AFA8FE000CAA89 /* MachineTask_VideoPlayer.app */;
			productType = "com.apple.product-type.application";
		};
/* End PBXNativeTarget section */

/* Begin PBXProject section */
		307BD62E29AFA8FD000CAA89 /* Project object */ = {
			isa = PBXProject;
			attributes = {
				BuildIndependentTargetsInParallel = 1;
				LastSwiftUpdateCheck = 1420;
				LastUpgradeCheck = 1420;
				TargetAttributes = {
					307BD63529AFA8FE000CAA89 = {
						CreatedOnToolsVersion = 14.2;
					};
				};
			};
			buildConfigurationList = 307BD63129AFA8FD000CAA89 /* Build configuration list for PBXProject "MachineTask_VideoPlayer" */;
			compatibilityVersion = "Xcode 12.0";
			developmentRegion = en;
			hasScannedForEncodings = 0;
			knownRegions = (
				en,
				Base,
			);
			mainGroup = 307BD62D29AFA8FD000CAA89;
			productRefGroup = 307BD63729AFA8FE000CAA89 /* Products */;
			projectDirPath = "";
			projectRoot = "";
			targets = (
				307BD63529AFA8FE000CAA89 /* MachineTask_VideoPlayer */,
			);
		};
/* End PBXProject section */

/* Begin PBXResourcesBuildPhase section */
		307BD63429AFA8FE000CAA89 /* Resources */ = {
			isa = PBXResourcesBuildPhase;
			buildActionMask = 2147483647;
			files = (
				307BD64929AFA900000CAA89 /* LaunchScreen.storyboard in Resources */,
				307BD64629AFA900000CAA89 /* Assets.xcassets in Resources */,
				307BD64129AFA8FE000CAA89 /* Main.storyboard in Resources */,
			);
			runOnlyForDeploymentPostprocessing = 0;
		};
/* End PBXResourcesBuildPhase section */

/* Begin PBXSourcesBuildPhase section */
		307BD63229AFA8FE000CAA89 /* Sources */ = {
			isa = PBXSourcesBuildPhase;
			buildActionMask = 2147483647;
			files = (
				30BC5BAE29B04933002078D9 /* LoginViewController.swift in Sources */,
				307BD63E29AFA8FE000CAA89 /* VideoPlayerViewController.swift in Sources */,
				307BD63A29AFA8FE000CAA89 /* AppDelegate.swift in Sources */,
				30BC5BAC29B02E23002078D9 /* Constant.swift in Sources */,
				30BC5BB229B04952002078D9 /* OTPViewController.swift in Sources */,
				30BC5BB729B0663A002078D9 /* VideoData.swift in Sources */,
				30BC5BB029B04944002078D9 /* RegistrationViewController.swift in Sources */,
				307BD63C29AFA8FE000CAA89 /* SceneDelegate.swift in Sources */,
				307BD64429AFA8FE000CAA89 /* MachineTask_VideoPlayer.xcdatamodeld in Sources */,
			);
			runOnlyForDeploymentPostprocessing = 0;
		};
/* End PBXSourcesBuildPhase section */

/* Begin PBXVariantGroup section */
		307BD63F29AFA8FE000CAA89 /* Main.storyboard */ = {
			isa = PBXVariantGroup;
			children = (
				307BD64029AFA8FE000CAA89 /* Base */,
			);
			name = Main.storyboard;
			sourceTree = "<group>";
		};
		307BD64729AFA900000CAA89 /* LaunchScreen.storyboard */ = {
			isa = PBXVariantGroup;
			children = (
				307BD64829AFA900000CAA89 /* Base */,
			);
			name = LaunchScreen.storyboard;
			sourceTree = "<group>";
		};
/* End PBXVariantGroup section */

/* Begin XCBuildConfiguration section */
		307BD64B29AFA900000CAA89 /* Debug */ = {
			isa = XCBuildConfiguration;
			buildSettings = {
				ALWAYS_SEARCH_USER_PATHS = NO;
				CLANG_ANALYZER_NONNULL = YES;
				CLANG_ANALYZER_NUMBER_OBJECT_CONVERSION = YES_AGGRESSIVE;
				CLANG_CXX_LANGUAGE_STANDARD = "gnu++20";
				CLANG_ENABLE_MODULES = YES;
				CLANG_ENABLE_OBJC_ARC = YES;
				CLANG_ENABLE_OBJC_WEAK = YES;
				CLANG_WARN_BLOCK_CAPTURE_AUTORELEASING = YES;
				CLANG_WARN_BOOL_CONVERSION = YES;
				CLANG_WARN_COMMA = YES;
				CLANG_WARN_CONSTANT_CONVERSION = YES;
				CLANG_WARN_DEPRECATED_OBJC_IMPLEMENTATIONS = YES;
				CLANG_WARN_DIRECT_OBJC_ISA_USAGE = YES_ERROR;
				CLANG_WARN_DOCUMENTATION_COMMENTS = YES;
				CLANG_WARN_EMPTY_BODY = YES;
				CLANG_WARN_ENUM_CONVERSION = YES;
				CLANG_WARN_INFINITE_RECURSION = YES;
				CLANG_WARN_INT_CONVERSION = YES;
				CLANG_WARN_NON_LITERAL_NULL_CONVERSION = YES;
				CLANG_WARN_OBJC_IMPLICIT_RETAIN_SELF = YES;
				CLANG_WARN_OBJC_LITERAL_CONVERSION = YES;
				CLANG_WARN_OBJC_ROOT_CLASS = YES_ERROR;
				CLANG_WARN_QUOTED_INCLUDE_IN_FRAMEWORK_HEADER = YES;
				CLANG_WARN_RANGE_LOOP_ANALYSIS = YES;
				CLANG_WARN_STRICT_PROTOTYPES = YES;
				CLANG_WARN_SUSPICIOUS_MOVE = YES;
				CLANG_WARN_UNGUARDED_AVAILABILITY = YES_AGGRESSIVE;
				CLANG_WARN_UNREACHABLE_CODE = YES;
				CLANG_WARN__DUPLICATE_METHOD_MATCH = YES;
				COPY_PHASE_STRIP = NO;
				DEBUG_INFORMATION_FORMAT = dwarf;
				ENABLE_STRICT_OBJC_MSGSEND = YES;
				ENABLE_TESTABILITY = YES;
				GCC_C_LANGUAGE_STANDARD = gnu11;
				GCC_DYNAMIC_NO_PIC = NO;
				GCC_NO_COMMON_BLOCKS = YES;
				GCC_OPTIMIZATION_LEVEL = 0;
				GCC_PREPROCESSOR_DEFINITIONS = (
					"DEBUG=1",
					"$(inherited)",
				);
				GCC_WARN_64_TO_32_BIT_CONVERSION = YES;
				GCC_WARN_ABOUT_RETURN_TYPE = YES_ERROR;
				GCC_WARN_UNDECLARED_SELECTOR = YES;
				GCC_WARN_UNINITIALIZED_AUTOS = YES_AGGRESSIVE;
				GCC_WARN_UNUSED_FUNCTION = YES;
				GCC_WARN_UNUSED_VARIABLE = YES;
				IPHONEOS_DEPLOYMENT_TARGET = 16.2;
				MTL_ENABLE_DEBUG_INFO = INCLUDE_SOURCE;
				MTL_FAST_MATH = YES;
				ONLY_ACTIVE_ARCH = YES;
				SDKROOT = iphoneos;
				SWIFT_ACTIVE_COMPILATION_CONDITIONS = DEBUG;
				SWIFT_OPTIMIZATION_LEVEL = "-Onone";
			};
			name = Debug;
		};
		307BD64C29AFA900000CAA89 /* Release */ = {
			isa = XCBuildConfiguration;
			buildSettings = {
				ALWAYS_SEARCH_USER_PATHS = NO;
				CLANG_ANALYZER_NONNULL = YES;
				CLANG_ANALYZER_NUMBER_OBJECT_CONVERSION = YES_AGGRESSIVE;
				CLANG_CXX_LANGUAGE_STANDARD = "gnu++20";
				CLANG_ENABLE_MODULES = YES;
				CLANG_ENABLE_OBJC_ARC = YES;
				CLANG_ENABLE_OBJC_WEAK = YES;
				CLANG_WARN_BLOCK_CAPTURE_AUTORELEASING = YES;
				CLANG_WARN_BOOL_CONVERSION = YES;
				CLANG_WARN_COMMA = YES;
				CLANG_WARN_CONSTANT_CONVERSION = YES;
				CLANG_WARN_DEPRECATED_OBJC_IMPLEMENTATIONS = YES;
				CLANG_WARN_DIRECT_OBJC_ISA_USAGE = YES_ERROR;
				CLANG_WARN_DOCUMENTATION_COMMENTS = YES;
				CLANG_WARN_EMPTY_BODY = YES;
				CLANG_WARN_ENUM_CONVERSION = YES;
				CLANG_WARN_INFINITE_RECURSION = YES;
				CLANG_WARN_INT_CONVERSION = YES;
				CLANG_WARN_NON_LITERAL_NULL_CONVERSION = YES;
				CLANG_WARN_OBJC_IMPLICIT_RETAIN_SELF = YES;
				CLANG_WARN_OBJC_LITERAL_CONVERSION = YES;
				CLANG_WARN_OBJC_ROOT_CLASS = YES_ERROR;
				CLANG_WARN_QUOTED_INCLUDE_IN_FRAMEWORK_HEADER = YES;
				CLANG_WARN_RANGE_LOOP_ANALYSIS = YES;
				CLANG_WARN_STRICT_PROTOTYPES = YES;
				CLANG_WARN_SUSPICIOUS_MOVE = YES;
				CLANG_WARN_UNGUARDED_AVAILABILITY = YES_AGGRESSIVE;
				CLANG_WARN_UNREACHABLE_CODE = YES;
				CLANG_WARN__DUPLICATE_METHOD_MATCH = YES;
				COPY_PHASE_STRIP = NO;
				DEBUG_INFORMATION_FORMAT = "dwarf-with-dsym";
				ENABLE_NS_ASSERTIONS = NO;
				ENABLE_STRICT_OBJC_MSGSEND = YES;
				GCC_C_LANGUAGE_STANDARD = gnu11;
				GCC_NO_COMMON_BLOCKS = YES;
				GCC_WARN_64_TO_32_BIT_CONVERSION = YES;
				GCC_WARN_ABOUT_RETURN_TYPE = YES_ERROR;
				GCC_WARN_UNDECLARED_SELECTOR = YES;
				GCC_WARN_UNINITIALIZED_AUTOS = YES_AGGRESSIVE;
				GCC_WARN_UNUSED_FUNCTION = YES;
				GCC_WARN_UNUSED_VARIABLE = YES;
				IPHONEOS_DEPLOYMENT_TARGET = 16.2;
				MTL_ENABLE_DEBUG_INFO = NO;
				MTL_FAST_MATH = YES;
				SDKROOT = iphoneos;
				SWIFT_COMPILATION_MODE = wholemodule;
				SWIFT_OPTIMIZATION_LEVEL = "-O";
				VALIDATE_PRODUCT = YES;
			};
			name = Release;
		};
		307BD64E29AFA900000CAA89 /* Debug */ = {
			isa = XCBuildConfiguration;
			buildSettings = {
				ASSETCATALOG_COMPILER_APPICON_NAME = AppIcon;
				ASSETCATALOG_COMPILER_GLOBAL_ACCENT_COLOR_NAME = AccentColor;
				CODE_SIGN_STYLE = Automatic;
				CURRENT_PROJECT_VERSION = 1;
				GENERATE_INFOPLIST_FILE = YES;
				INFOPLIST_FILE = MachineTask_VideoPlayer/Info.plist;
				INFOPLIST_KEY_UIApplicationSupportsIndirectInputEvents = YES;
				INFOPLIST_KEY_UILaunchStoryboardName = LaunchScreen;
				INFOPLIST_KEY_UIMainStoryboardFile = Main;
				INFOPLIST_KEY_UISupportedInterfaceOrientations = UIInterfaceOrientationPortrait;
				INFOPLIST_KEY_UISupportedInterfaceOrientations_iPad = "UIInterfaceOrientationPortrait UIInterfaceOrientationPortraitUpsideDown";
				IPHONEOS_DEPLOYMENT_TARGET = 14.0;
				LD_RUNPATH_SEARCH_PATHS = (
					"$(inherited)",
					"@executable_path/Frameworks",
				);
				MARKETING_VERSION = 1.0;
				PRODUCT_BUNDLE_IDENTIFIER = "akhil.MachineTask-VideoPlayer";
				PRODUCT_NAME = "$(TARGET_NAME)";
				SWIFT_EMIT_LOC_STRINGS = YES;
				SWIFT_VERSION = 5.0;
				TARGETED_DEVICE_FAMILY = "1,2";
			};
			name = Debug;
		};
		307BD64F29AFA900000CAA89 /* Release */ = {
			isa = XCBuildConfiguration;
			buildSettings = {
				ASSETCATALOG_COMPILER_APPICON_NAME = AppIcon;
				ASSETCATALOG_COMPILER_GLOBAL_ACCENT_COLOR_NAME = AccentColor;
				CODE_SIGN_STYLE = Automatic;
				CURRENT_PROJECT_VERSION = 1;
				GENERATE_INFOPLIST_FILE = YES;
				INFOPLIST_FILE = MachineTask_VideoPlayer/Info.plist;
				INFOPLIST_KEY_UIApplicationSupportsIndirectInputEvents = YES;
				INFOPLIST_KEY_UILaunchStoryboardName = LaunchScreen;
				INFOPLIST_KEY_UIMainStoryboardFile = Main;
				INFOPLIST_KEY_UISupportedInterfaceOrientations = UIInterfaceOrientationPortrait;
				INFOPLIST_KEY_UISupportedInterfaceOrientations_iPad = "UIInterfaceOrientationPortrait UIInterfaceOrientationPortraitUpsideDown";
				IPHONEOS_DEPLOYMENT_TARGET = 14.0;
				LD_RUNPATH_SEARCH_PATHS = (
					"$(inherited)",
					"@executable_path/Frameworks",
				);
				MARKETING_VERSION = 1.0;
				PRODUCT_BUNDLE_IDENTIFIER = "akhil.MachineTask-VideoPlayer";
				PRODUCT_NAME = "$(TARGET_NAME)";
				SWIFT_EMIT_LOC_STRINGS = YES;
				SWIFT_VERSION = 5.0;
				TARGETED_DEVICE_FAMILY = "1,2";
			};
			name = Release;
		};
/* End XCBuildConfiguration section */

/* Begin XCConfigurationList section */
		307BD63129AFA8FD000CAA89 /* Build configuration list for PBXProject "MachineTask_VideoPlayer" */ = {
			isa = XCConfigurationList;
			buildConfigurations = (
				307BD64B29AFA900000CAA89 /* Debug */,
				307BD64C29AFA900000CAA89 /* Release */,
			);
			defaultConfigurationIsVisible = 0;
			defaultConfigurationName = Release;
		};
		307BD64D29AFA900000CAA89 /* Build configuration list for PBXNativeTarget "MachineTask_VideoPlayer" */ = {
			isa = XCConfigurationList;
			buildConfigurations = (
				307BD64E29AFA900000CAA89 /* Debug */,
				307BD64F29AFA900000CAA89 /* Release */,
			);
			defaultConfigurationIsVisible = 0;
			defaultConfigurationName = Release;
		};
/* End XCConfigurationList section */

/* Begin XCVersionGroup section */
		307BD64229AFA8FE000CAA89 /* MachineTask_VideoPlayer.xcdatamodeld */ = {
			isa = XCVersionGroup;
			children = (
				307BD64329AFA8FE000CAA89 /* MachineTask_VideoPlayer.xcdatamodel */,
			);
			currentVersion = 307BD64329AFA8FE000CAA89 /* MachineTask_VideoPlayer.xcdatamodel */;
			path = MachineTask_VideoPlayer.xcdatamodeld;
			sourceTree = "<group>";
			versionGroupType = wrapper.xcdatamodel;
		};
/* End XCVersionGroup section */
	};
	rootObject = 307BD62E29AFA8FD000CAA89 /* Project object */;
}
